// !$*UTF8*$!
{
	archiveVersion = 1;
	classes = {
	};
	objectVersion = 48;
	objects = {

/* Begin PBXBuildFile section */
		A491D6C960628B8E3AD29AC8 /* libPods-myCollectDemo.a in Frameworks */ = {isa = PBXBuildFile; fileRef = 8D48BC94384FE923FA13E550 /* libPods-myCollectDemo.a */; };
		DB04E6DC205F5B8400508F8C /* ZYLMainViewController.m in Sources */ = {isa = PBXBuildFile; fileRef = DB04E6DB205F5B8400508F8C /* ZYLMainViewController.m */; };
		DB04E6E0205F5C9000508F8C /* ZYLTools.m in Sources */ = {isa = PBXBuildFile; fileRef = DB04E6DF205F5C9000508F8C /* ZYLTools.m */; };
		DB04E6E6205F632200508F8C /* ZYLSingle.m in Sources */ = {isa = PBXBuildFile; fileRef = DB04E6E5205F632200508F8C /* ZYLSingle.m */; };
		DB04E6F2205F63A300508F8C /* LCLTabbarBtnViewController5.m in Sources */ = {isa = PBXBuildFile; fileRef = DB04E6EA205F63A300508F8C /* LCLTabbarBtnViewController5.m */; };
		DB04E6F3205F63A300508F8C /* LCLMyTabBar.m in Sources */ = {isa = PBXBuildFile; fileRef = DB04E6EE205F63A300508F8C /* LCLMyTabBar.m */; };
		DB04E6F4205F63A300508F8C /* LCLTabBarBtnViewController3.m in Sources */ = {isa = PBXBuildFile; fileRef = DB04E6F1205F63A300508F8C /* LCLTabBarBtnViewController3.m */; };
		DB04E701205F63B800508F8C /* LCLTabbarViewController2.m in Sources */ = {isa = PBXBuildFile; fileRef = DB04E6F7205F63B800508F8C /* LCLTabbarViewController2.m */; };
		DB04E702205F63B800508F8C /* LCLTabBarViewController5.m in Sources */ = {isa = PBXBuildFile; fileRef = DB04E6F9205F63B800508F8C /* LCLTabBarViewController5.m */; };
		DB04E703205F63B800508F8C /* LCLTabBArViewController4.m in Sources */ = {isa = PBXBuildFile; fileRef = DB04E6FB205F63B800508F8C /* LCLTabBArViewController4.m */; };
		DB04E704205F63B800508F8C /* LCLTabbarViewController3.m in Sources */ = {isa = PBXBuildFile; fileRef = DB04E6FD205F63B800508F8C /* LCLTabbarViewController3.m */; };
		DB04E705205F63B800508F8C /* LCLSidewaysViewController.m in Sources */ = {isa = PBXBuildFile; fileRef = DB04E700205F63B800508F8C /* LCLSidewaysViewController.m */; };
		DB04E70A205F63DA00508F8C /* LCLTabBarStyleViewController.m in Sources */ = {isa = PBXBuildFile; fileRef = DB04E707205F63D900508F8C /* LCLTabBarStyleViewController.m */; };
		DB04E70B205F63DA00508F8C /* LCLDemoViewController.m in Sources */ = {isa = PBXBuildFile; fileRef = DB04E708205F63DA00508F8C /* LCLDemoViewController.m */; };
		DB04E711206097E800508F8C /* ZYLCVFlowLayout.m in Sources */ = {isa = PBXBuildFile; fileRef = DB04E710206097E800508F8C /* ZYLCVFlowLayout.m */; };
		DB04E7142060983700508F8C /* ZYLTextCollectionReusableView.m in Sources */ = {isa = PBXBuildFile; fileRef = DB04E7132060983700508F8C /* ZYLTextCollectionReusableView.m */; };
		DB04E7172060987600508F8C /* ZYLCTViewController.m in Sources */ = {isa = PBXBuildFile; fileRef = DB04E7162060987600508F8C /* ZYLCTViewController.m */; };
		DB04E71D2060D11B00508F8C /* ZYLTCViewController.m in Sources */ = {isa = PBXBuildFile; fileRef = DB04E71C2060D11B00508F8C /* ZYLTCViewController.m */; };
		DB04E72220623A0800508F8C /* ZYLKeyStyleOne.m in Sources */ = {isa = PBXBuildFile; fileRef = DB04E72120623A0800508F8C /* ZYLKeyStyleOne.m */; };
		DB04E72520623BC600508F8C /* ZYLKeyTableViewController.m in Sources */ = {isa = PBXBuildFile; fileRef = DB04E72420623BC600508F8C /* ZYLKeyTableViewController.m */; };
		DB04E72A206241A000508F8C /* ZYLYanZhengMaViewController.m in Sources */ = {isa = PBXBuildFile; fileRef = DB04E729206241A000508F8C /* ZYLYanZhengMaViewController.m */; };
		DB04E7302062425000508F8C /* ZYLTxtVCodeView.m in Sources */ = {isa = PBXBuildFile; fileRef = DB04E72F2062425000508F8C /* ZYLTxtVCodeView.m */; };
		DB04E73420624B4700508F8C /* ZYLLoginViewController.m in Sources */ = {isa = PBXBuildFile; fileRef = DB04E73320624B4700508F8C /* ZYLLoginViewController.m */; };
		DB04E73820624C5200508F8C /* ZYLAnimTFView.m in Sources */ = {isa = PBXBuildFile; fileRef = DB04E73720624C5200508F8C /* ZYLAnimTFView.m */; };
		DBCC339D2047C4090050A60D /* AppDelegate.m in Sources */ = {isa = PBXBuildFile; fileRef = DBCC339C2047C4090050A60D /* AppDelegate.m */; };
		DBCC33A02047C4090050A60D /* ViewController.m in Sources */ = {isa = PBXBuildFile; fileRef = DBCC339F2047C4090050A60D /* ViewController.m */; };
		DBCC33A32047C4090050A60D /* Main.storyboard in Resources */ = {isa = PBXBuildFile; fileRef = DBCC33A12047C4090050A60D /* Main.storyboard */; };
		DBCC33A52047C4090050A60D /* Assets.xcassets in Resources */ = {isa = PBXBuildFile; fileRef = DBCC33A42047C4090050A60D /* Assets.xcassets */; };
		DBCC33A82047C4090050A60D /* LaunchScreen.storyboard in Resources */ = {isa = PBXBuildFile; fileRef = DBCC33A62047C4090050A60D /* LaunchScreen.storyboard */; };
		DBCC33AB2047C4090050A60D /* main.m in Sources */ = {isa = PBXBuildFile; fileRef = DBCC33AA2047C4090050A60D /* main.m */; };
		DBF1A3882065E01C00C1714A /* ZYLQianDaoViewController.m in Sources */ = {isa = PBXBuildFile; fileRef = DBF1A3872065E01C00C1714A /* ZYLQianDaoViewController.m */; };
/* End PBXBuildFile section */

/* Begin PBXFileReference section */
		3EF15C210C1411B91C3C28B6 /* Pods-myCollectDemo.release.xcconfig */ = {isa = PBXFileReference; includeInIndex = 1; lastKnownFileType = text.xcconfig; name = "Pods-myCollectDemo.release.xcconfig"; path = "Pods/Target Support Files/Pods-myCollectDemo/Pods-myCollectDemo.release.xcconfig"; sourceTree = "<group>"; };
		8D48BC94384FE923FA13E550 /* libPods-myCollectDemo.a */ = {isa = PBXFileReference; explicitFileType = archive.ar; includeInIndex = 0; path = "libPods-myCollectDemo.a"; sourceTree = BUILT_PRODUCTS_DIR; };
		DB04E6DA205F5B8400508F8C /* ZYLMainViewController.h */ = {isa = PBXFileReference; lastKnownFileType = sourcecode.c.h; path = ZYLMainViewController.h; sourceTree = "<group>"; };
		DB04E6DB205F5B8400508F8C /* ZYLMainViewController.m */ = {isa = PBXFileReference; lastKnownFileType = sourcecode.c.objc; path = ZYLMainViewController.m; sourceTree = "<group>"; };
		DB04E6DD205F5BED00508F8C /* PrefixHeader.pch */ = {isa = PBXFileReference; lastKnownFileType = sourcecode.c.h; path = PrefixHeader.pch; sourceTree = "<group>"; };
		DB04E6DE205F5C9000508F8C /* ZYLTools.h */ = {isa = PBXFileReference; lastKnownFileType = sourcecode.c.h; path = ZYLTools.h; sourceTree = "<group>"; };
		DB04E6DF205F5C9000508F8C /* ZYLTools.m */ = {isa = PBXFileReference; lastKnownFileType = sourcecode.c.objc; path = ZYLTools.m; sourceTree = "<group>"; };
		DB04E6E4205F632200508F8C /* ZYLSingle.h */ = {isa = PBXFileReference; lastKnownFileType = sourcecode.c.h; path = ZYLSingle.h; sourceTree = "<group>"; };
		DB04E6E5205F632200508F8C /* ZYLSingle.m */ = {isa = PBXFileReference; lastKnownFileType = sourcecode.c.objc; path = ZYLSingle.m; sourceTree = "<group>"; };
		DB04E6EA205F63A300508F8C /* LCLTabbarBtnViewController5.m */ = {isa = PBXFileReference; fileEncoding = 4; lastKnownFileType = sourcecode.c.objc; path = LCLTabbarBtnViewController5.m; sourceTree = "<group>"; };
		DB04E6EB205F63A300508F8C /* LCLTabbarBtnViewController5.h */ = {isa = PBXFileReference; fileEncoding = 4; lastKnownFileType = sourcecode.c.h; path = LCLTabbarBtnViewController5.h; sourceTree = "<group>"; };
		DB04E6ED205F63A300508F8C /* LCLMyTabBar.h */ = {isa = PBXFileReference; fileEncoding = 4; lastKnownFileType = sourcecode.c.h; path = LCLMyTabBar.h; sourceTree = "<group>"; };
		DB04E6EE205F63A300508F8C /* LCLMyTabBar.m */ = {isa = PBXFileReference; fileEncoding = 4; lastKnownFileType = sourcecode.c.objc; path = LCLMyTabBar.m; sourceTree = "<group>"; };
		DB04E6F0205F63A300508F8C /* LCLTabBarBtnViewController3.h */ = {isa = PBXFileReference; fileEncoding = 4; lastKnownFileType = sourcecode.c.h; path = LCLTabBarBtnViewController3.h; sourceTree = "<group>"; };
		DB04E6F1205F63A300508F8C /* LCLTabBarBtnViewController3.m */ = {isa = PBXFileReference; fileEncoding = 4; lastKnownFileType = sourcecode.c.objc; path = LCLTabBarBtnViewController3.m; sourceTree = "<group>"; };
		DB04E6F6205F63B800508F8C /* LCLTabBArViewController4.h */ = {isa = PBXFileReference; fileEncoding = 4; lastKnownFileType = sourcecode.c.h; path = LCLTabBArViewController4.h; sourceTree = "<group>"; };
		DB04E6F7205F63B800508F8C /* LCLTabbarViewController2.m */ = {isa = PBXFileReference; fileEncoding = 4; lastKnownFileType = sourcecode.c.objc; path = LCLTabbarViewController2.m; sourceTree = "<group>"; };
		DB04E6F8205F63B800508F8C /* LCLTabbarViewController3.h */ = {isa = PBXFileReference; fileEncoding = 4; lastKnownFileType = sourcecode.c.h; path = LCLTabbarViewController3.h; sourceTree = "<group>"; };
		DB04E6F9205F63B800508F8C /* LCLTabBarViewController5.m */ = {isa = PBXFileReference; fileEncoding = 4; lastKnownFileType = sourcecode.c.objc; path = LCLTabBarViewController5.m; sourceTree = "<group>"; };
		DB04E6FA205F63B800508F8C /* LCLTabbarViewController2.h */ = {isa = PBXFileReference; fileEncoding = 4; lastKnownFileType = sourcecode.c.h; path = LCLTabbarViewController2.h; sourceTree = "<group>"; };
		DB04E6FB205F63B800508F8C /* LCLTabBArViewController4.m */ = {isa = PBXFileReference; fileEncoding = 4; lastKnownFileType = sourcecode.c.objc; path = LCLTabBArViewController4.m; sourceTree = "<group>"; };
		DB04E6FC205F63B800508F8C /* LCLTabBarViewController5.h */ = {isa = PBXFileReference; fileEncoding = 4; lastKnownFileType = sourcecode.c.h; path = LCLTabBarViewController5.h; sourceTree = "<group>"; };
		DB04E6FD205F63B800508F8C /* LCLTabbarViewController3.m */ = {isa = PBXFileReference; fileEncoding = 4; lastKnownFileType = sourcecode.c.objc; path = LCLTabbarViewController3.m; sourceTree = "<group>"; };
		DB04E6FF205F63B800508F8C /* LCLSidewaysViewController.h */ = {isa = PBXFileReference; fileEncoding = 4; lastKnownFileType = sourcecode.c.h; path = LCLSidewaysViewController.h; sourceTree = "<group>"; };
		DB04E700205F63B800508F8C /* LCLSidewaysViewController.m */ = {isa = PBXFileReference; fileEncoding = 4; lastKnownFileType = sourcecode.c.objc; path = LCLSidewaysViewController.m; sourceTree = "<group>"; };
		DB04E706205F63D900508F8C /* LCLDemoViewController.h */ = {isa = PBXFileReference; fileEncoding = 4; lastKnownFileType = sourcecode.c.h; path = LCLDemoViewController.h; sourceTree = "<group>"; };
		DB04E707205F63D900508F8C /* LCLTabBarStyleViewController.m */ = {isa = PBXFileReference; fileEncoding = 4; lastKnownFileType = sourcecode.c.objc; path = LCLTabBarStyleViewController.m; sourceTree = "<group>"; };
		DB04E708205F63DA00508F8C /* LCLDemoViewController.m */ = {isa = PBXFileReference; fileEncoding = 4; lastKnownFileType = sourcecode.c.objc; path = LCLDemoViewController.m; sourceTree = "<group>"; };
		DB04E709205F63DA00508F8C /* LCLTabBarStyleViewController.h */ = {isa = PBXFileReference; fileEncoding = 4; lastKnownFileType = sourcecode.c.h; path = LCLTabBarStyleViewController.h; sourceTree = "<group>"; };
		DB04E70F206097E800508F8C /* ZYLCVFlowLayout.h */ = {isa = PBXFileReference; lastKnownFileType = sourcecode.c.h; path = ZYLCVFlowLayout.h; sourceTree = "<group>"; };
		DB04E710206097E800508F8C /* ZYLCVFlowLayout.m */ = {isa = PBXFileReference; lastKnownFileType = sourcecode.c.objc; path = ZYLCVFlowLayout.m; sourceTree = "<group>"; };
		DB04E7122060983700508F8C /* ZYLTextCollectionReusableView.h */ = {isa = PBXFileReference; lastKnownFileType = sourcecode.c.h; path = ZYLTextCollectionReusableView.h; sourceTree = "<group>"; };
		DB04E7132060983700508F8C /* ZYLTextCollectionReusableView.m */ = {isa = PBXFileReference; lastKnownFileType = sourcecode.c.objc; path = ZYLTextCollectionReusableView.m; sourceTree = "<group>"; };
		DB04E7152060987600508F8C /* ZYLCTViewController.h */ = {isa = PBXFileReference; lastKnownFileType = sourcecode.c.h; path = ZYLCTViewController.h; sourceTree = "<group>"; };
		DB04E7162060987600508F8C /* ZYLCTViewController.m */ = {isa = PBXFileReference; lastKnownFileType = sourcecode.c.objc; path = ZYLCTViewController.m; sourceTree = "<group>"; };
		DB04E71B2060D11B00508F8C /* ZYLTCViewController.h */ = {isa = PBXFileReference; lastKnownFileType = sourcecode.c.h; path = ZYLTCViewController.h; sourceTree = "<group>"; };
		DB04E71C2060D11B00508F8C /* ZYLTCViewController.m */ = {isa = PBXFileReference; lastKnownFileType = sourcecode.c.objc; path = ZYLTCViewController.m; sourceTree = "<group>"; };
		DB04E72020623A0800508F8C /* ZYLKeyStyleOne.h */ = {isa = PBXFileReference; lastKnownFileType = sourcecode.c.h; path = ZYLKeyStyleOne.h; sourceTree = "<group>"; };
		DB04E72120623A0800508F8C /* ZYLKeyStyleOne.m */ = {isa = PBXFileReference; lastKnownFileType = sourcecode.c.objc; path = ZYLKeyStyleOne.m; sourceTree = "<group>"; };
		DB04E72320623BC600508F8C /* ZYLKeyTableViewController.h */ = {isa = PBXFileReference; lastKnownFileType = sourcecode.c.h; path = ZYLKeyTableViewController.h; sourceTree = "<group>"; };
		DB04E72420623BC600508F8C /* ZYLKeyTableViewController.m */ = {isa = PBXFileReference; lastKnownFileType = sourcecode.c.objc; path = ZYLKeyTableViewController.m; sourceTree = "<group>"; };
		DB04E728206241A000508F8C /* ZYLYanZhengMaViewController.h */ = {isa = PBXFileReference; lastKnownFileType = sourcecode.c.h; path = ZYLYanZhengMaViewController.h; sourceTree = "<group>"; };
		DB04E729206241A000508F8C /* ZYLYanZhengMaViewController.m */ = {isa = PBXFileReference; lastKnownFileType = sourcecode.c.objc; path = ZYLYanZhengMaViewController.m; sourceTree = "<group>"; };
		DB04E72E2062425000508F8C /* ZYLTxtVCodeView.h */ = {isa = PBXFileReference; lastKnownFileType = sourcecode.c.h; path = ZYLTxtVCodeView.h; sourceTree = "<group>"; };
		DB04E72F2062425000508F8C /* ZYLTxtVCodeView.m */ = {isa = PBXFileReference; lastKnownFileType = sourcecode.c.objc; path = ZYLTxtVCodeView.m; sourceTree = "<group>"; };
		DB04E73220624B4700508F8C /* ZYLLoginViewController.h */ = {isa = PBXFileReference; lastKnownFileType = sourcecode.c.h; path = ZYLLoginViewController.h; sourceTree = "<group>"; };
		DB04E73320624B4700508F8C /* ZYLLoginViewController.m */ = {isa = PBXFileReference; lastKnownFileType = sourcecode.c.objc; path = ZYLLoginViewController.m; sourceTree = "<group>"; };
		DB04E73620624C5200508F8C /* ZYLAnimTFView.h */ = {isa = PBXFileReference; lastKnownFileType = sourcecode.c.h; path = ZYLAnimTFView.h; sourceTree = "<group>"; };
		DB04E73720624C5200508F8C /* ZYLAnimTFView.m */ = {isa = PBXFileReference; lastKnownFileType = sourcecode.c.objc; path = ZYLAnimTFView.m; sourceTree = "<group>"; };
		DBCC33982047C4080050A60D /* myCollectDemo.app */ = {isa = PBXFileReference; explicitFileType = wrapper.application; includeInIndex = 0; path = myCollectDemo.app; sourceTree = BUILT_PRODUCTS_DIR; };
		DBCC339B2047C4090050A60D /* AppDelegate.h */ = {isa = PBXFileReference; lastKnownFileType = sourcecode.c.h; path = AppDelegate.h; sourceTree = "<group>"; };
		DBCC339C2047C4090050A60D /* AppDelegate.m */ = {isa = PBXFileReference; lastKnownFileType = sourcecode.c.objc; path = AppDelegate.m; sourceTree = "<group>"; };
		DBCC339E2047C4090050A60D /* ViewController.h */ = {isa = PBXFileReference; lastKnownFileType = sourcecode.c.h; path = ViewController.h; sourceTree = "<group>"; };
		DBCC339F2047C4090050A60D /* ViewController.m */ = {isa = PBXFileReference; lastKnownFileType = sourcecode.c.objc; path = ViewController.m; sourceTree = "<group>"; };
		DBCC33A22047C4090050A60D /* Base */ = {isa = PBXFileReference; lastKnownFileType = file.storyboard; name = Base; path = Base.lproj/Main.storyboard; sourceTree = "<group>"; };
		DBCC33A42047C4090050A60D /* Assets.xcassets */ = {isa = PBXFileReference; lastKnownFileType = folder.assetcatalog; path = Assets.xcassets; sourceTree = "<group>"; };
		DBCC33A72047C4090050A60D /* Base */ = {isa = PBXFileReference; lastKnownFileType = file.storyboard; name = Base; path = Base.lproj/LaunchScreen.storyboard; sourceTree = "<group>"; };
		DBCC33A92047C4090050A60D /* Info.plist */ = {isa = PBXFileReference; lastKnownFileType = text.plist.xml; path = Info.plist; sourceTree = "<group>"; };
		DBCC33AA2047C4090050A60D /* main.m */ = {isa = PBXFileReference; lastKnownFileType = sourcecode.c.objc; path = main.m; sourceTree = "<group>"; };
		DBF1A3862065E01C00C1714A /* ZYLQianDaoViewController.h */ = {isa = PBXFileReference; lastKnownFileType = sourcecode.c.h; path = ZYLQianDaoViewController.h; sourceTree = "<group>"; };
		DBF1A3872065E01C00C1714A /* ZYLQianDaoViewController.m */ = {isa = PBXFileReference; lastKnownFileType = sourcecode.c.objc; path = ZYLQianDaoViewController.m; sourceTree = "<group>"; };
		F7FFEF9E2BF5AEF9538AE90A /* Pods-myCollectDemo.debug.xcconfig */ = {isa = PBXFileReference; includeInIndex = 1; lastKnownFileType = text.xcconfig; name = "Pods-myCollectDemo.debug.xcconfig"; path = "Pods/Target Support Files/Pods-myCollectDemo/Pods-myCollectDemo.debug.xcconfig"; sourceTree = "<group>"; };
/* End PBXFileReference section */

/* Begin PBXFrameworksBuildPhase section */
		DBCC33952047C4080050A60D /* Frameworks */ = {
			isa = PBXFrameworksBuildPhase;
			buildActionMask = 2147483647;
			files = (
				A491D6C960628B8E3AD29AC8 /* libPods-myCollectDemo.a in Frameworks */,
			);
			runOnlyForDeploymentPostprocessing = 0;
		};
/* End PBXFrameworksBuildPhase section */

/* Begin PBXGroup section */
		96B778ECDA251629282BBAB7 /* Pods */ = {
			isa = PBXGroup;
			children = (
				F7FFEF9E2BF5AEF9538AE90A /* Pods-myCollectDemo.debug.xcconfig */,
				3EF15C210C1411B91C3C28B6 /* Pods-myCollectDemo.release.xcconfig */,
			);
			name = Pods;
			sourceTree = "<group>";
		};
		DB04E6D8205F5B6800508F8C /* Main */ = {
			isa = PBXGroup;
			children = (
				DB04E6DA205F5B8400508F8C /* ZYLMainViewController.h */,
				DB04E6DB205F5B8400508F8C /* ZYLMainViewController.m */,
			);
			path = Main;
			sourceTree = "<group>";
		};
		DB04E6D9205F5B6F00508F8C /* Other */ = {
			isa = PBXGroup;
			children = (
				DB04E6DD205F5BED00508F8C /* PrefixHeader.pch */,
				DB04E6DE205F5C9000508F8C /* ZYLTools.h */,
				DB04E6DF205F5C9000508F8C /* ZYLTools.m */,
				DB04E6E4205F632200508F8C /* ZYLSingle.h */,
				DB04E6E5205F632200508F8C /* ZYLSingle.m */,
			);
			path = Other;
			sourceTree = "<group>";
		};
		DB04E6E1205F5E4900508F8C /* demo */ = {
			isa = PBXGroup;
			children = (
				DBF1A3852065DFE600C1714A /* 签到 */,
				DB04E73120624B3000508F8C /* 输入框类型 */,
				DB04E7272062417A00508F8C /* 验证码系列 */,
				DB04E71F2062398000508F8C /* 自定义键盘 */,
				DB04E6E7205F636C00508F8C /* tabBar */,
				DB04E6E3205F5E6400508F8C /* collectionView嵌套tableview置顶 */,
				DB04E6E2205F5E5A00508F8C /* tableview嵌套collectionView置顶 */,
			);
			path = demo;
			sourceTree = "<group>";
		};
		DB04E6E2205F5E5A00508F8C /* tableview嵌套collectionView置顶 */ = {
			isa = PBXGroup;
			children = (
				DB04E71B2060D11B00508F8C /* ZYLTCViewController.h */,
				DB04E71C2060D11B00508F8C /* ZYLTCViewController.m */,
			);
			path = "tableview嵌套collectionView置顶";
			sourceTree = "<group>";
		};
		DB04E6E3205F5E6400508F8C /* collectionView嵌套tableview置顶 */ = {
			isa = PBXGroup;
			children = (
				DB04E70F206097E800508F8C /* ZYLCVFlowLayout.h */,
				DB04E710206097E800508F8C /* ZYLCVFlowLayout.m */,
				DB04E7122060983700508F8C /* ZYLTextCollectionReusableView.h */,
				DB04E7132060983700508F8C /* ZYLTextCollectionReusableView.m */,
				DB04E7152060987600508F8C /* ZYLCTViewController.h */,
				DB04E7162060987600508F8C /* ZYLCTViewController.m */,
			);
			path = "collectionView嵌套tableview置顶";
			sourceTree = "<group>";
		};
		DB04E6E7205F636C00508F8C /* tabBar */ = {
			isa = PBXGroup;
			children = (
				DB04E706205F63D900508F8C /* LCLDemoViewController.h */,
				DB04E708205F63DA00508F8C /* LCLDemoViewController.m */,
				DB04E709205F63DA00508F8C /* LCLTabBarStyleViewController.h */,
				DB04E707205F63D900508F8C /* LCLTabBarStyleViewController.m */,
				DBF1A3892065E10A00C1714A /* 向上滑动_tabbar隐藏 */,
				DB04E6FE205F63B800508F8C /* 侧移 */,
				DB04E6F5205F63B800508F8C /* 普通的 */,
				DB04E6E8205F63A300508F8C /* 有一个按钮的 */,
			);
			path = tabBar;
			sourceTree = "<group>";
		};
		DB04E6E8205F63A300508F8C /* 有一个按钮的 */ = {
			isa = PBXGroup;
			children = (
				DB04E6E9205F63A300508F8C /* 4+1个 */,
				DB04E6EC205F63A300508F8C /* Common */,
				DB04E6EF205F63A300508F8C /* 2+1个 */,
			);
			path = "有一个按钮的";
			sourceTree = "<group>";
		};
		DB04E6E9205F63A300508F8C /* 4+1个 */ = {
			isa = PBXGroup;
			children = (
				DB04E6EB205F63A300508F8C /* LCLTabbarBtnViewController5.h */,
				DB04E6EA205F63A300508F8C /* LCLTabbarBtnViewController5.m */,
			);
			path = "4+1个";
			sourceTree = "<group>";
		};
		DB04E6EC205F63A300508F8C /* Common */ = {
			isa = PBXGroup;
			children = (
				DB04E6ED205F63A300508F8C /* LCLMyTabBar.h */,
				DB04E6EE205F63A300508F8C /* LCLMyTabBar.m */,
			);
			path = Common;
			sourceTree = "<group>";
		};
		DB04E6EF205F63A300508F8C /* 2+1个 */ = {
			isa = PBXGroup;
			children = (
				DB04E6F0205F63A300508F8C /* LCLTabBarBtnViewController3.h */,
				DB04E6F1205F63A300508F8C /* LCLTabBarBtnViewController3.m */,
			);
			path = "2+1个";
			sourceTree = "<group>";
		};
		DB04E6F5205F63B800508F8C /* 普通的 */ = {
			isa = PBXGroup;
			children = (
				DB04E6FA205F63B800508F8C /* LCLTabbarViewController2.h */,
				DB04E6F7205F63B800508F8C /* LCLTabbarViewController2.m */,
				DB04E6F8205F63B800508F8C /* LCLTabbarViewController3.h */,
				DB04E6FD205F63B800508F8C /* LCLTabbarViewController3.m */,
				DB04E6F6205F63B800508F8C /* LCLTabBArViewController4.h */,
				DB04E6FB205F63B800508F8C /* LCLTabBArViewController4.m */,
				DB04E6FC205F63B800508F8C /* LCLTabBarViewController5.h */,
				DB04E6F9205F63B800508F8C /* LCLTabBarViewController5.m */,
			);
			path = "普通的";
			sourceTree = "<group>";
		};
		DB04E6FE205F63B800508F8C /* 侧移 */ = {
			isa = PBXGroup;
			children = (
				DB04E6FF205F63B800508F8C /* LCLSidewaysViewController.h */,
				DB04E700205F63B800508F8C /* LCLSidewaysViewController.m */,
			);
			path = "侧移";
			sourceTree = "<group>";
		};
		DB04E71F2062398000508F8C /* 自定义键盘 */ = {
			isa = PBXGroup;
			children = (
				DB04E7262062402100508F8C /* 车牌号类型的键盘 */,
				DB04E72320623BC600508F8C /* ZYLKeyTableViewController.h */,
				DB04E72420623BC600508F8C /* ZYLKeyTableViewController.m */,
			);
			path = "自定义键盘";
			sourceTree = "<group>";
		};
		DB04E7262062402100508F8C /* 车牌号类型的键盘 */ = {
			isa = PBXGroup;
			children = (
				DB04E72020623A0800508F8C /* ZYLKeyStyleOne.h */,
				DB04E72120623A0800508F8C /* ZYLKeyStyleOne.m */,
			);
			path = "车牌号类型的键盘";
			sourceTree = "<group>";
		};
		DB04E7272062417A00508F8C /* 验证码系列 */ = {
			isa = PBXGroup;
			children = (
				DB04E72D2062420C00508F8C /* 发送验证码-倒计时验证 */,
				DB04E72C206241E900508F8C /* 滑动图片到指定位置验证 */,
				DB04E72B206241C200508F8C /* 生成随机汉字-按顺序点击验证 */,
				DB04E728206241A000508F8C /* ZYLYanZhengMaViewController.h */,
				DB04E729206241A000508F8C /* ZYLYanZhengMaViewController.m */,
			);
			path = "验证码系列";
			sourceTree = "<group>";
		};
		DB04E72B206241C200508F8C /* 生成随机汉字-按顺序点击验证 */ = {
			isa = PBXGroup;
			children = (
				DB04E72E2062425000508F8C /* ZYLTxtVCodeView.h */,
				DB04E72F2062425000508F8C /* ZYLTxtVCodeView.m */,
			);
			path = "生成随机汉字-按顺序点击验证";
			sourceTree = "<group>";
		};
		DB04E72C206241E900508F8C /* 滑动图片到指定位置验证 */ = {
			isa = PBXGroup;
			children = (
			);
			path = "滑动图片到指定位置验证";
			sourceTree = "<group>";
		};
		DB04E72D2062420C00508F8C /* 发送验证码-倒计时验证 */ = {
			isa = PBXGroup;
			children = (
			);
			path = "发送验证码-倒计时验证";
			sourceTree = "<group>";
		};
		DB04E73120624B3000508F8C /* 输入框类型 */ = {
			isa = PBXGroup;
			children = (
				DB04E73520624B8400508F8C /* 输入框类型style1 */,
				DB04E73220624B4700508F8C /* ZYLLoginViewController.h */,
				DB04E73320624B4700508F8C /* ZYLLoginViewController.m */,
			);
			path = "输入框类型";
			sourceTree = "<group>";
		};
		DB04E73520624B8400508F8C /* 输入框类型style1 */ = {
			isa = PBXGroup;
			children = (
				DB04E73620624C5200508F8C /* ZYLAnimTFView.h */,
				DB04E73720624C5200508F8C /* ZYLAnimTFView.m */,
			);
			path = "输入框类型style1";
			sourceTree = "<group>";
		};
		DBCC338F2047C4080050A60D = {
			isa = PBXGroup;
			children = (
				DBCC339A2047C4090050A60D /* myCollectDemo */,
				DBCC33992047C4080050A60D /* Products */,
				96B778ECDA251629282BBAB7 /* Pods */,
				F75887B385F75FE63F6E7723 /* Frameworks */,
			);
			sourceTree = "<group>";
		};
		DBCC33992047C4080050A60D /* Products */ = {
			isa = PBXGroup;
			children = (
				DBCC33982047C4080050A60D /* myCollectDemo.app */,
			);
			name = Products;
			sourceTree = "<group>";
		};
		DBCC339A2047C4090050A60D /* myCollectDemo */ = {
			isa = PBXGroup;
			children = (
				DBCC33B12047C5DD0050A60D /* Class */,
				DBCC339B2047C4090050A60D /* AppDelegate.h */,
				DBCC339C2047C4090050A60D /* AppDelegate.m */,
				DBCC339E2047C4090050A60D /* ViewController.h */,
				DBCC339F2047C4090050A60D /* ViewController.m */,
				DBCC33A12047C4090050A60D /* Main.storyboard */,
				DBCC33A42047C4090050A60D /* Assets.xcassets */,
				DBCC33A62047C4090050A60D /* LaunchScreen.storyboard */,
				DBCC33A92047C4090050A60D /* Info.plist */,
				DBCC33AA2047C4090050A60D /* main.m */,
			);
			path = myCollectDemo;
			sourceTree = "<group>";
		};
		DBCC33B12047C5DD0050A60D /* Class */ = {
			isa = PBXGroup;
			children = (
				DB04E6E1205F5E4900508F8C /* demo */,
				DB04E6D9205F5B6F00508F8C /* Other */,
				DB04E6D8205F5B6800508F8C /* Main */,
			);
			path = Class;
			sourceTree = "<group>";
		};
		DBF1A3852065DFE600C1714A /* 签到 */ = {
			isa = PBXGroup;
			children = (
				DBF1A3862065E01C00C1714A /* ZYLQianDaoViewController.h */,
				DBF1A3872065E01C00C1714A /* ZYLQianDaoViewController.m */,
			);
			path = "签到";
			sourceTree = "<group>";
		};
		DBF1A3892065E10A00C1714A /* 向上滑动_tabbar隐藏 */ = {
			isa = PBXGroup;
			children = (
			);
			path = "向上滑动_tabbar隐藏";
			sourceTree = "<group>";
		};
		F75887B385F75FE63F6E7723 /* Frameworks */ = {
			isa = PBXGroup;
			children = (
				8D48BC94384FE923FA13E550 /* libPods-myCollectDemo.a */,
			);
			name = Frameworks;
			sourceTree = "<group>";
		};
/* End PBXGroup section */

/* Begin PBXNativeTarget section */
		DBCC33972047C4080050A60D /* myCollectDemo */ = {
			isa = PBXNativeTarget;
			buildConfigurationList = DBCC33AE2047C4090050A60D /* Build configuration list for PBXNativeTarget "myCollectDemo" */;
			buildPhases = (
				973806B67263E08458EFBD60 /* [CP] Check Pods Manifest.lock */,
				DBCC33942047C4080050A60D /* Sources */,
				DBCC33952047C4080050A60D /* Frameworks */,
				DBCC33962047C4080050A60D /* Resources */,
				4B46FF1760423B98E7DF3B5A /* [CP] Embed Pods Frameworks */,
				95CEF16015A6E312C2080142 /* [CP] Copy Pods Resources */,
			);
			buildRules = (
			);
			dependencies = (
			);
			name = myCollectDemo;
			productName = myCollectDemo;
			productReference = DBCC33982047C4080050A60D /* myCollectDemo.app */;
			productType = "com.apple.product-type.application";
		};
/* End PBXNativeTarget section */

/* Begin PBXProject section */
		DBCC33902047C4080050A60D /* Project object */ = {
			isa = PBXProject;
			attributes = {
				CLASSPREFIX = ZYL;
				LastUpgradeCheck = 0920;
				ORGANIZATIONNAME = zyl;
				TargetAttributes = {
					DBCC33972047C4080050A60D = {
						CreatedOnToolsVersion = 9.2;
						ProvisioningStyle = Automatic;
					};
				};
			};
			buildConfigurationList = DBCC33932047C4080050A60D /* Build configuration list for PBXProject "myCollectDemo" */;
			compatibilityVersion = "Xcode 8.0";
			developmentRegion = en;
			hasScannedForEncodings = 0;
			knownRegions = (
				en,
				Base,
			);
			mainGroup = DBCC338F2047C4080050A60D;
			productRefGroup = DBCC33992047C4080050A60D /* Products */;
			projectDirPath = "";
			projectRoot = "";
			targets = (
				DBCC33972047C4080050A60D /* myCollectDemo */,
			);
		};
/* End PBXProject section */

/* Begin PBXResourcesBuildPhase section */
		DBCC33962047C4080050A60D /* Resources */ = {
			isa = PBXResourcesBuildPhase;
			buildActionMask = 2147483647;
			files = (
				DBCC33A82047C4090050A60D /* LaunchScreen.storyboard in Resources */,
				DBCC33A52047C4090050A60D /* Assets.xcassets in Resources */,
				DBCC33A32047C4090050A60D /* Main.storyboard in Resources */,
			);
			runOnlyForDeploymentPostprocessing = 0;
		};
/* End PBXResourcesBuildPhase section */

/* Begin PBXShellScriptBuildPhase section */
		4B46FF1760423B98E7DF3B5A /* [CP] Embed Pods Frameworks */ = {
			isa = PBXShellScriptBuildPhase;
			buildActionMask = 2147483647;
			files = (
			);
			inputPaths = (
			);
			name = "[CP] Embed Pods Frameworks";
			outputPaths = (
			);
			runOnlyForDeploymentPostprocessing = 0;
			shellPath = /bin/sh;
			shellScript = "\"${SRCROOT}/Pods/Target Support Files/Pods-myCollectDemo/Pods-myCollectDemo-frameworks.sh\"\n";
			showEnvVarsInLog = 0;
		};
		95CEF16015A6E312C2080142 /* [CP] Copy Pods Resources */ = {
			isa = PBXShellScriptBuildPhase;
			buildActionMask = 2147483647;
			files = (
			);
			inputPaths = (
			);
			name = "[CP] Copy Pods Resources";
			outputPaths = (
			);
			runOnlyForDeploymentPostprocessing = 0;
			shellPath = /bin/sh;
			shellScript = "\"${SRCROOT}/Pods/Target Support Files/Pods-myCollectDemo/Pods-myCollectDemo-resources.sh\"\n";
			showEnvVarsInLog = 0;
		};
		973806B67263E08458EFBD60 /* [CP] Check Pods Manifest.lock */ = {
			isa = PBXShellScriptBuildPhase;
			buildActionMask = 2147483647;
			files = (
			);
			inputPaths = (
				"${PODS_PODFILE_DIR_PATH}/Podfile.lock",
				"${PODS_ROOT}/Manifest.lock",
			);
			name = "[CP] Check Pods Manifest.lock";
			outputPaths = (
				"$(DERIVED_FILE_DIR)/Pods-myCollectDemo-checkManifestLockResult.txt",
			);
			runOnlyForDeploymentPostprocessing = 0;
			shellPath = /bin/sh;
			shellScript = "diff \"${PODS_PODFILE_DIR_PATH}/Podfile.lock\" \"${PODS_ROOT}/Manifest.lock\" > /dev/null\nif [ $? != 0 ] ; then\n    # print error to STDERR\n    echo \"error: The sandbox is not in sync with the Podfile.lock. Run 'pod install' or update your CocoaPods installation.\" >&2\n    exit 1\nfi\n# This output is used by Xcode 'outputs' to avoid re-running this script phase.\necho \"SUCCESS\" > \"${SCRIPT_OUTPUT_FILE_0}\"\n";
			showEnvVarsInLog = 0;
		};
/* End PBXShellScriptBuildPhase section */

/* Begin PBXSourcesBuildPhase section */
		DBCC33942047C4080050A60D /* Sources */ = {
			isa = PBXSourcesBuildPhase;
			buildActionMask = 2147483647;
			files = (
				DB04E704205F63B800508F8C /* LCLTabbarViewController3.m in Sources */,
				DBF1A3882065E01C00C1714A /* ZYLQianDaoViewController.m in Sources */,
				DB04E72520623BC600508F8C /* ZYLKeyTableViewController.m in Sources */,
				DB04E70B205F63DA00508F8C /* LCLDemoViewController.m in Sources */,
				DB04E73820624C5200508F8C /* ZYLAnimTFView.m in Sources */,
				DB04E7142060983700508F8C /* ZYLTextCollectionReusableView.m in Sources */,
				DB04E711206097E800508F8C /* ZYLCVFlowLayout.m in Sources */,
				DB04E6F2205F63A300508F8C /* LCLTabbarBtnViewController5.m in Sources */,
				DBCC33A02047C4090050A60D /* ViewController.m in Sources */,
				DB04E6DC205F5B8400508F8C /* ZYLMainViewController.m in Sources */,
				DBCC33AB2047C4090050A60D /* main.m in Sources */,
				DB04E70A205F63DA00508F8C /* LCLTabBarStyleViewController.m in Sources */,
				DB04E7172060987600508F8C /* ZYLCTViewController.m in Sources */,
				DB04E705205F63B800508F8C /* LCLSidewaysViewController.m in Sources */,
				DB04E72A206241A000508F8C /* ZYLYanZhengMaViewController.m in Sources */,
				DB04E6E6205F632200508F8C /* ZYLSingle.m in Sources */,
				DB04E701205F63B800508F8C /* LCLTabbarViewController2.m in Sources */,
				DB04E7302062425000508F8C /* ZYLTxtVCodeView.m in Sources */,
				DB04E71D2060D11B00508F8C /* ZYLTCViewController.m in Sources */,
				DB04E6F4205F63A300508F8C /* LCLTabBarBtnViewController3.m in Sources */,
				DB04E702205F63B800508F8C /* LCLTabBarViewController5.m in Sources */,
				DB04E6F3205F63A300508F8C /* LCLMyTabBar.m in Sources */,
				DB04E72220623A0800508F8C /* ZYLKeyStyleOne.m in Sources */,
				DBCC339D2047C4090050A60D /* AppDelegate.m in Sources */,
				DB04E73420624B4700508F8C /* ZYLLoginViewController.m in Sources */,
				DB04E6E0205F5C9000508F8C /* ZYLTools.m in Sources */,
				DB04E703205F63B800508F8C /* LCLTabBArViewController4.m in Sources */,
			);
			runOnlyForDeploymentPostprocessing = 0;
		};
/* End PBXSourcesBuildPhase section */

/* Begin PBXVariantGroup section */
		DBCC33A12047C4090050A60D /* Main.storyboard */ = {
			isa = PBXVariantGroup;
			children = (
				DBCC33A22047C4090050A60D /* Base */,
			);
			name = Main.storyboard;
			sourceTree = "<group>";
		};
		DBCC33A62047C4090050A60D /* LaunchScreen.storyboard */ = {
			isa = PBXVariantGroup;
			children = (
				DBCC33A72047C4090050A60D /* Base */,
			);
			name = LaunchScreen.storyboard;
			sourceTree = "<group>";
		};
/* End PBXVariantGroup section */

/* Begin XCBuildConfiguration section */
		DBCC33AC2047C4090050A60D /* Debug */ = {
			isa = XCBuildConfiguration;
			buildSettings = {
				ALWAYS_SEARCH_USER_PATHS = NO;
				CLANG_ANALYZER_NONNULL = YES;
				CLANG_ANALYZER_NUMBER_OBJECT_CONVERSION = YES_AGGRESSIVE;
				CLANG_CXX_LANGUAGE_STANDARD = "gnu++14";
				CLANG_CXX_LIBRARY = "libc++";
				CLANG_ENABLE_MODULES = YES;
				CLANG_ENABLE_OBJC_ARC = YES;
				CLANG_WARN_BLOCK_CAPTURE_AUTORELEASING = YES;
				CLANG_WARN_BOOL_CONVERSION = YES;
				CLANG_WARN_COMMA = YES;
				CLANG_WARN_CONSTANT_CONVERSION = YES;
				CLANG_WARN_DIRECT_OBJC_ISA_USAGE = YES_ERROR;
				CLANG_WARN_DOCUMENTATION_COMMENTS = YES;
				CLANG_WARN_EMPTY_BODY = YES;
				CLANG_WARN_ENUM_CONVERSION = YES;
				CLANG_WARN_INFINITE_RECURSION = YES;
				CLANG_WARN_INT_CONVERSION = YES;
				CLANG_WARN_NON_LITERAL_NULL_CONVERSION = YES;
				CLANG_WARN_OBJC_LITERAL_CONVERSION = YES;
				CLANG_WARN_OBJC_ROOT_CLASS = YES_ERROR;
				CLANG_WARN_RANGE_LOOP_ANALYSIS = YES;
				CLANG_WARN_STRICT_PROTOTYPES = YES;
				CLANG_WARN_SUSPICIOUS_MOVE = YES;
				CLANG_WARN_UNGUARDED_AVAILABILITY = YES_AGGRESSIVE;
				CLANG_WARN_UNREACHABLE_CODE = YES;
				CLANG_WARN__DUPLICATE_METHOD_MATCH = YES;
				CODE_SIGN_IDENTITY = "iPhone Developer";
				COPY_PHASE_STRIP = NO;
				DEBUG_INFORMATION_FORMAT = dwarf;
				ENABLE_STRICT_OBJC_MSGSEND = YES;
				ENABLE_TESTABILITY = YES;
				GCC_C_LANGUAGE_STANDARD = gnu11;
				GCC_DYNAMIC_NO_PIC = NO;
				GCC_NO_COMMON_BLOCKS = YES;
				GCC_OPTIMIZATION_LEVEL = 0;
				GCC_PREPROCESSOR_DEFINITIONS = (
					"DEBUG=1",
					"$(inherited)",
				);
				GCC_WARN_64_TO_32_BIT_CONVERSION = YES;
				GCC_WARN_ABOUT_RETURN_TYPE = YES_ERROR;
				GCC_WARN_UNDECLARED_SELECTOR = YES;
				GCC_WARN_UNINITIALIZED_AUTOS = YES_AGGRESSIVE;
				GCC_WARN_UNUSED_FUNCTION = YES;
				GCC_WARN_UNUSED_VARIABLE = YES;
				IPHONEOS_DEPLOYMENT_TARGET = 11.2;
				MTL_ENABLE_DEBUG_INFO = YES;
				ONLY_ACTIVE_ARCH = YES;
				SDKROOT = iphoneos;
			};
			name = Debug;
		};
		DBCC33AD2047C4090050A60D /* Release */ = {
			isa = XCBuildConfiguration;
			buildSettings = {
				ALWAYS_SEARCH_USER_PATHS = NO;
				CLANG_ANALYZER_NONNULL = YES;
				CLANG_ANALYZER_NUMBER_OBJECT_CONVERSION = YES_AGGRESSIVE;
				CLANG_CXX_LANGUAGE_STANDARD = "gnu++14";
				CLANG_CXX_LIBRARY = "libc++";
				CLANG_ENABLE_MODULES = YES;
				CLANG_ENABLE_OBJC_ARC = YES;
				CLANG_WARN_BLOCK_CAPTURE_AUTORELEASING = YES;
				CLANG_WARN_BOOL_CONVERSION = YES;
				CLANG_WARN_COMMA = YES;
				CLANG_WARN_CONSTANT_CONVERSION = YES;
				CLANG_WARN_DIRECT_OBJC_ISA_USAGE = YES_ERROR;
				CLANG_WARN_DOCUMENTATION_COMMENTS = YES;
				CLANG_WARN_EMPTY_BODY = YES;
				CLANG_WARN_ENUM_CONVERSION = YES;
				CLANG_WARN_INFINITE_RECURSION = YES;
				CLANG_WARN_INT_CONVERSION = YES;
				CLANG_WARN_NON_LITERAL_NULL_CONVERSION = YES;
				CLANG_WARN_OBJC_LITERAL_CONVERSION = YES;
				CLANG_WARN_OBJC_ROOT_CLASS = YES_ERROR;
				CLANG_WARN_RANGE_LOOP_ANALYSIS = YES;
				CLANG_WARN_STRICT_PROTOTYPES = YES;
				CLANG_WARN_SUSPICIOUS_MOVE = YES;
				CLANG_WARN_UNGUARDED_AVAILABILITY = YES_AGGRESSIVE;
				CLANG_WARN_UNREACHABLE_CODE = YES;
				CLANG_WARN__DUPLICATE_METHOD_MATCH = YES;
				CODE_SIGN_IDENTITY = "iPhone Developer";
				COPY_PHASE_STRIP = NO;
				DEBUG_INFORMATION_FORMAT = "dwarf-with-dsym";
				ENABLE_NS_ASSERTIONS = NO;
				ENABLE_STRICT_OBJC_MSGSEND = YES;
				GCC_C_LANGUAGE_STANDARD = gnu11;
				GCC_NO_COMMON_BLOCKS = YES;
				GCC_WARN_64_TO_32_BIT_CONVERSION = YES;
				GCC_WARN_ABOUT_RETURN_TYPE = YES_ERROR;
				GCC_WARN_UNDECLARED_SELECTOR = YES;
				GCC_WARN_UNINITIALIZED_AUTOS = YES_AGGRESSIVE;
				GCC_WARN_UNUSED_FUNCTION = YES;
				GCC_WARN_UNUSED_VARIABLE = YES;
				IPHONEOS_DEPLOYMENT_TARGET = 11.2;
				MTL_ENABLE_DEBUG_INFO = NO;
				SDKROOT = iphoneos;
				VALIDATE_PRODUCT = YES;
			};
			name = Release;
		};
		DBCC33AF2047C4090050A60D /* Debug */ = {
			isa = XCBuildConfiguration;
			baseConfigurationReference = F7FFEF9E2BF5AEF9538AE90A /* Pods-myCollectDemo.debug.xcconfig */;
			buildSettings = {
				ASSETCATALOG_COMPILER_APPICON_NAME = AppIcon;
				CODE_SIGN_STYLE = Automatic;
				DEVELOPMENT_TEAM = NYML56J84R;
				GCC_PREFIX_HEADER = /Users/zhangyulin/ModelProject/myCollectDemo/myCollectDemo/Class/Other/PrefixHeader.pch;
				INFOPLIST_FILE = myCollectDemo/Info.plist;
				LD_RUNPATH_SEARCH_PATHS = "$(inherited) @executable_path/Frameworks";
				PRODUCT_BUNDLE_IDENTIFIER = com.hbweipai.myCollectDemo;
				PRODUCT_NAME = "$(TARGET_NAME)";
				TARGETED_DEVICE_FAMILY = "1,2";
			};
			name = Debug;
		};
		DBCC33B02047C4090050A60D /* Release */ = {
			isa = XCBuildConfiguration;
			baseConfigurationReference = 3EF15C210C1411B91C3C28B6 /* Pods-myCollectDemo.release.xcconfig */;
			buildSettings = {
				ASSETCATALOG_COMPILER_APPICON_NAME = AppIcon;
				CODE_SIGN_STYLE = Automatic;
				DEVELOPMENT_TEAM = NYML56J84R;
				GCC_PREFIX_HEADER = /Users/zhangyulin/ModelProject/myCollectDemo/myCollectDemo/Class/Other/PrefixHeader.pch;
				INFOPLIST_FILE = myCollectDemo/Info.plist;
				LD_RUNPATH_SEARCH_PATHS = "$(inherited) @executable_path/Frameworks";
				PRODUCT_BUNDLE_IDENTIFIER = com.hbweipai.myCollectDemo;
				PRODUCT_NAME = "$(TARGET_NAME)";
				TARGETED_DEVICE_FAMILY = "1,2";
			};
			name = Release;
		};
/* End XCBuildConfiguration section */

/* Begin XCConfigurationList section */
		DBCC33932047C4080050A60D /* Build configuration list for PBXProject "myCollectDemo" */ = {
			isa = XCConfigurationList;
			buildConfigurations = (
				DBCC33AC2047C4090050A60D /* Debug */,
				DBCC33AD2047C4090050A60D /* Release */,
			);
			defaultConfigurationIsVisible = 0;
			defaultConfigurationName = Release;
		};
		DBCC33AE2047C4090050A60D /* Build configuration list for PBXNativeTarget "myCollectDemo" */ = {
			isa = XCConfigurationList;
			buildConfigurations = (
				DBCC33AF2047C4090050A60D /* Debug */,
				DBCC33B02047C4090050A60D /* Release */,
			);
			defaultConfigurationIsVisible = 0;
			defaultConfigurationName = Release;
		};
/* End XCConfigurationList section */
	};
	rootObject = DBCC33902047C4080050A60D /* Project object */;
}
